{
  "nodes": {
    "beaker-src": {
      "flake": false,
      "locked": {
        "lastModified": 1780436704,
        "narHash": "sha256-3aMH1YblnpiXKdkQVMRLmMZ5/8G7vB4HAfLg7+izyHg=",
        "ref": "refs/heads/master",
        "rev": "360d6271e1a20d128430e52637d5d35f4c706ca5",
        "revCount": 34,
        "shallow": false,
        "type": "git",
        "url": "https://git.bwaaa.monster/beaker"
      },
      "original": {
        "shallow": false,
        "type": "git",
        "url": "https://git.bwaaa.monster/beaker"
      }
    },
    "bunkers": {
      "inputs": {
        "flake-utils": "flake-utils",
        "naersk": "naersk",
        "nixpkgs": [
          "nixpkgs"
        ]
      },
      "locked": {
        "lastModified": 1786355857,
        "narHash": "sha256-g0XmEkJFDvqTZWzzlmJ90ycHjr5r4sh6oSPgTtTs6Y4=",
        "owner": "indium114",
        "repo": "bunkers",
        "rev": "67ff5af4102b230cca3469e447e6008e8ca04f10",
        "type": "github"
      },
      "original": {
        "owner": "indium114",
        "repo": "bunkers",
        "type": "github"
      }
    },
    "catppuccin": {
      "inputs": {
        "nixpkgs": "nixpkgs"
      },
      "locked": {
        "lastModified": 1786696832,
        "narHash": "sha256-wjdfX+jCJCJsteGD75xEfsDR3yATFFEx4mwelhlDXdU=",
        "owner": "catppuccin",
        "repo": "nix",
        "rev": "35d78c213b65e38789bcb359aae2380fcb4dc3e8",
        "type": "github"
      },
      "original": {
        "owner": "catppuccin",
        "repo": "nix",
        "type": "github"
      }
    },
    "disko": {
      "inputs": {
        "nixpkgs": [
          "nixpkgs"
        ]
      },
      "locked": {
        "lastModified": 1781152676,
        "narHash": "sha256-RxWs5ND31KzTG7wvMM+PMfUjyNpmIEr999lqNARaM5o=",
        "owner": "nix-community",
        "repo": "disko",
        "rev": "ff8702b4de27f72b4c78573dfb89ec74e36abdf1",
        "type": "github"
      },
      "original": {
        "owner": "nix-community",
        "repo": "disko",
        "type": "github"
      }
    },
    "fastcards": {
      "inputs": {
        "flake-utils": "flake-utils_2",
        "naersk": "naersk_2",
        "nixpkgs": [
          "nixpkgs"
        ]
      },
      "locked": {
        "lastModified": 1786355851,
        "narHash": "sha256-lom7X1eeUKXnavD5rGxPDfX9L/Oetw7C5YzLR/R5R5o=",
        "owner": "indium114",
        "repo": "fastcards",
        "rev": "f559dec78309ca99b58b8a9e45f528f33c9ddfcc",
        "type": "github"
      },
      "original": {
        "owner": "indium114",
        "repo": "fastcards",
        "type": "github"
      }
    },
    "fenix": {
      "inputs": {
        "nixpkgs": [
          "bunkers",
          "naersk",
          "nixpkgs"
        ],
        "rust-analyzer-src": "rust-analyzer-src"
      },
      "locked": {
        "lastModified": 1752475459,
        "narHash": "sha256-z6QEu4ZFuHiqdOPbYss4/Q8B0BFhacR8ts6jO/F/aOU=",
        "owner": "nix-community",
        "repo": "fenix",
        "rev": "bf0d6f70f4c9a9cf8845f992105652173f4b617f",
        "type": "github"
      },
      "original": {
        "owner": "nix-community",
        "repo": "fenix",
        "type": "github"
      }
    },
    "fenix_2": {
      "inputs": {
        "nixpkgs": [
          "fastcards",
          "naersk",
          "nixpkgs"
        ],
        "rust-analyzer-src": "rust-analyzer-src_2"
      },
      "locked": {
        "lastModified": 1752475459,
        "narHash": "sha256-z6QEu4ZFuHiqdOPbYss4/Q8B0BFhacR8ts6jO/F/aOU=",
        "owner": "nix-community",
        "repo": "fenix",
        "rev": "bf0d6f70f4c9a9cf8845f992105652173f4b617f",
        "type": "github"
      },
      "original": {
        "owner": "nix-community",
        "repo": "fenix",
        "type": "github"
      }
    },
    "fenix_3": {
      "inputs": {
        "nixpkgs": [
          "haal",
          "naersk",
          "nixpkgs"
        ],
        "rust-analyzer-src": "rust-analyzer-src_3"
      },
      "locked": {
        "lastModified": 1752475459,
        "narHash": "sha256-z6QEu4ZFuHiqdOPbYss4/Q8B0BFhacR8ts6jO/F/aOU=",
        "owner": "nix-community",
        "repo": "fenix",
        "rev": "bf0d6f70f4c9a9cf8845f992105652173f4b617f",
        "type": "github"
      },
      "original": {
        "owner": "nix-community",
        "repo": "fenix",
        "type": "github"
      }
    },
    "fenix_4": {
      "inputs": {
        "nixpkgs": [
          "hocusfocus",
          "naersk",
          "nixpkgs"
        ],
        "rust-analyzer-src": "rust-analyzer-src_4"
      },
      "locked": {
        "lastModified": 1752475459,
        "narHash": "sha256-z6QEu4ZFuHiqdOPbYss4/Q8B0BFhacR8ts6jO/F/aOU=",
        "owner": "nix-community",
        "repo": "fenix",
        "rev": "bf0d6f70f4c9a9cf8845f992105652173f4b617f",
        "type": "github"
      },
      "original": {
        "owner": "nix-community",
        "repo": "fenix",
        "type": "github"
      }
    },
    "fenix_5": {
      "inputs": {
        "nixpkgs": [
          "spyglass",
          "naersk",
          "nixpkgs"
        ],
        "rust-analyzer-src": "rust-analyzer-src_5"
      },
      "locked": {
        "lastModified": 1752475459,
        "narHash": "sha256-z6QEu4ZFuHiqdOPbYss4/Q8B0BFhacR8ts6jO/F/aOU=",
        "owner": "nix-community",
        "repo": "fenix",
        "rev": "bf0d6f70f4c9a9cf8845f992105652173f4b617f",
        "type": "github"
      },
      "original": {
        "owner": "nix-community",
        "repo": "fenix",
        "type": "github"
      }
    },
    "fenix_6": {
      "inputs": {
        "nixpkgs": [
          "termfarm",
          "naersk",
          "nixpkgs"
        ],
        "rust-analyzer-src": "rust-analyzer-src_6"
      },
      "locked": {
        "lastModified": 1752475459,
        "narHash": "sha256-z6QEu4ZFuHiqdOPbYss4/Q8B0BFhacR8ts6jO/F/aOU=",
        "owner": "nix-community",
        "repo": "fenix",
        "rev": "bf0d6f70f4c9a9cf8845f992105652173f4b617f",
        "type": "github"
      },
      "original": {
        "owner": "nix-community",
        "repo": "fenix",
        "type": "github"
      }
    },
    "flake-parts": {
      "inputs": {
        "nixpkgs-lib": "nixpkgs-lib"
      },
      "locked": {
        "lastModified": 1785627969,
        "narHash": "sha256-4dtXQk/NMePegK/nWp5NSeuZKLATItOq61lpEvmXqGw=",
        "owner": "hercules-ci",
        "repo": "flake-parts",
        "rev": "427bf4bd9435fdf21321c8cc628c24efc14c0f7a",
        "type": "github"
      },
      "original": {
        "owner": "hercules-ci",
        "repo": "flake-parts",
        "type": "github"
      }
    },
    "flake-utils": {
      "inputs": {
        "systems": "systems"
      },
      "locked": {
        "lastModified": 1731533236,
        "narHash": "sha256-l0KFg5HjrsfsO/JpG+r7fRrqm12kzFHyUHqHCVpMMbI=",
        "owner": "numtide",
        "repo": "flake-utils",
        "rev": "11707dc2f618dd54ca8739b309ec4fc024de578b",
        "type": "github"
      },
      "original": {
        "owner": "numtide",
        "repo": "flake-utils",
        "type": "github"
      }
    },
    "flake-utils_10": {
      "inputs": {
        "systems": "systems_10"
      },
      "locked": {
        "lastModified": 1731533236,
        "narHash": "sha256-l0KFg5HjrsfsO/JpG+r7fRrqm12kzFHyUHqHCVpMMbI=",
        "owner": "numtide",
        "repo": "flake-utils",
        "rev": "11707dc2f618dd54ca8739b309ec4fc024de578b",
        "type": "github"
      },
      "original": {
        "owner": "numtide",
        "repo": "flake-utils",
        "type": "github"
      }
    },
    "flake-utils_11": {
      "inputs": {
        "systems": "systems_11"
      },
      "locked": {
        "lastModified": 1731533236,
        "narHash": "sha256-l0KFg5HjrsfsO/JpG+r7fRrqm12kzFHyUHqHCVpMMbI=",
        "owner": "numtide",
        "repo": "flake-utils",
        "rev": "11707dc2f618dd54ca8739b309ec4fc024de578b",
        "type": "github"
      },
      "original": {
        "owner": "numtide",
        "repo": "flake-utils",
        "type": "github"
      }
    },
    "flake-utils_12": {
      "inputs": {
        "systems": "systems_12"
      },
      "locked": {
        "lastModified": 1731533236,
        "narHash": "sha256-l0KFg5HjrsfsO/JpG+r7fRrqm12kzFHyUHqHCVpMMbI=",
        "owner": "numtide",
        "repo": "flake-utils",
        "rev": "11707dc2f618dd54ca8739b309ec4fc024de578b",
        "type": "github"
      },
      "original": {
        "owner": "numtide",
        "repo": "flake-utils",
        "type": "github"
      }
    },
    "flake-utils_2": {
      "inputs": {
        "systems": "systems_2"
      },
      "locked": {
        "lastModified": 1731533236,
        "narHash": "sha256-l0KFg5HjrsfsO/JpG+r7fRrqm12kzFHyUHqHCVpMMbI=",
        "owner": "numtide",
        "repo": "flake-utils",
        "rev": "11707dc2f618dd54ca8739b309ec4fc024de578b",
        "type": "github"
      },
      "original": {
        "owner": "numtide",
        "repo": "flake-utils",
        "type": "github"
      }
    },
    "flake-utils_3": {
      "inputs": {
        "systems": "systems_3"
      },
      "locked": {
        "lastModified": 1731533236,
        "narHash": "sha256-l0KFg5HjrsfsO/JpG+r7fRrqm12kzFHyUHqHCVpMMbI=",
        "owner": "numtide",
        "repo": "flake-utils",
        "rev": "11707dc2f618dd54ca8739b309ec4fc024de578b",
        "type": "github"
      },
      "original": {
        "owner": "numtide",
        "repo": "flake-utils",
        "type": "github"
      }
    },
    "flake-utils_4": {
      "inputs": {
        "systems": "systems_4"
      },
      "locked": {
        "lastModified": 1731533236,
        "narHash": "sha256-l0KFg5HjrsfsO/JpG+r7fRrqm12kzFHyUHqHCVpMMbI=",
        "owner": "numtide",
        "repo": "flake-utils",
        "rev": "11707dc2f618dd54ca8739b309ec4fc024de578b",
        "type": "github"
      },
      "original": {
        "owner": "numtide",
        "repo": "flake-utils",
        "type": "github"
      }
    },
    "flake-utils_5": {
      "inputs": {
        "systems": "systems_5"
      },
      "locked": {
        "lastModified": 1731533236,
        "narHash": "sha256-l0KFg5HjrsfsO/JpG+r7fRrqm12kzFHyUHqHCVpMMbI=",
        "owner": "numtide",
        "repo": "flake-utils",
        "rev": "11707dc2f618dd54ca8739b309ec4fc024de578b",
        "type": "github"
      },
      "original": {
        "owner": "numtide",
        "repo": "flake-utils",
        "type": "github"
      }
    },
    "flake-utils_6": {
      "inputs": {
        "systems": "systems_6"
      },
      "locked": {
        "lastModified": 1731533236,
        "narHash": "sha256-l0KFg5HjrsfsO/JpG+r7fRrqm12kzFHyUHqHCVpMMbI=",
        "owner": "numtide",
        "repo": "flake-utils",
        "rev": "11707dc2f618dd54ca8739b309ec4fc024de578b",
        "type": "github"
      },
      "original": {
        "owner": "numtide",
        "repo": "flake-utils",
        "type": "github"
      }
    },
    "flake-utils_7": {
      "inputs": {
        "systems": "systems_7"
      },
      "locked": {
        "lastModified": 1731533236,
        "narHash": "sha256-l0KFg5HjrsfsO/JpG+r7fRrqm12kzFHyUHqHCVpMMbI=",
        "owner": "numtide",
        "repo": "flake-utils",
        "rev": "11707dc2f618dd54ca8739b309ec4fc024de578b",
        "type": "github"
      },
      "original": {
        "owner": "numtide",
        "repo": "flake-utils",
        "type": "github"
      }
    },
    "flake-utils_8": {
      "inputs": {
        "systems": "systems_8"
      },
      "locked": {
        "lastModified": 1731533236,
        "narHash": "sha256-l0KFg5HjrsfsO/JpG+r7fRrqm12kzFHyUHqHCVpMMbI=",
        "owner": "numtide",
        "repo": "flake-utils",
        "rev": "11707dc2f618dd54ca8739b309ec4fc024de578b",
        "type": "github"
      },
      "original": {
        "owner": "numtide",
        "repo": "flake-utils",
        "type": "github"
      }
    },
    "flake-utils_9": {
      "inputs": {
        "systems": "systems_9"
      },
      "locked": {
        "lastModified": 1731533236,
        "narHash": "sha256-l0KFg5HjrsfsO/JpG+r7fRrqm12kzFHyUHqHCVpMMbI=",
        "owner": "numtide",
        "repo": "flake-utils",
        "rev": "11707dc2f618dd54ca8739b309ec4fc024de578b",
        "type": "github"
      },
      "original": {
        "owner": "numtide",
        "repo": "flake-utils",
        "type": "github"
      }
    },
    "haal": {
      "inputs": {
        "flake-utils": "flake-utils_3",
        "naersk": "naersk_3",
        "nixpkgs": [
          "nixpkgs"
        ]
      },
      "locked": {
        "lastModified": 1786355288,
        "narHash": "sha256-4KcaZDqY3BGYYjOv+9A9AmWmLjK/jLF3kHE1KA2WIi8=",
        "owner": "indium114",
        "repo": "haal",
        "rev": "35b3d42619e668d88bc12f09d996ea57f63b27b2",
        "type": "github"
      },
      "original": {
        "owner": "indium114",
        "repo": "haal",
        "type": "github"
      }
    },
    "hocusfocus": {
      "inputs": {
        "flake-utils": "flake-utils_4",
        "naersk": "naersk_4",
        "nixpkgs": [
          "nixpkgs"
        ]
      },
      "locked": {
        "lastModified": 1786354744,
        "narHash": "sha256-qS0kvfeafQJhVPleQUWpHjHmrNNMn/sY9kE/p0EQdXM=",
        "owner": "indium114",
        "repo": "hocusfocus",
        "rev": "25916d73eb02e103406394bda780dc4dd5000658",
        "type": "github"
      },
      "original": {
        "owner": "indium114",
        "repo": "hocusfocus",
        "type": "github"
      }
    },
    "home-manager": {
      "inputs": {
        "nixpkgs": [
          "nixpkgs"
        ]
      },
      "locked": {
        "lastModified": 1786656209,
        "narHash": "sha256-ybGtuwGKTUCefKYsplzvw4xcCqznto0c7BaiQhgILtA=",
        "owner": "nix-community",
        "repo": "home-manager",
        "rev": "c554d3441f725537854e877519f01cbd60680174",
        "type": "github"
      },
      "original": {
        "owner": "nix-community",
        "repo": "home-manager",
        "type": "github"
      }
    },
    "naersk": {
      "inputs": {
        "fenix": "fenix",
        "nixpkgs": [
          "bunkers",
          "nixpkgs"
        ]
      },
      "locked": {
        "lastModified": 1782220280,
        "narHash": "sha256-thLTFbp9D5Qknmh8q/v4FRpLGphUSijT3E86cbLYTXo=",
        "owner": "nix-community",
        "repo": "naersk",
        "rev": "9aa07bb0256d300219b30622d2454e85f7f3667e",
        "type": "github"
      },
      "original": {
        "owner": "nix-community",
        "repo": "naersk",
        "type": "github"
      }
    },
    "naersk_2": {
      "inputs": {
        "fenix": "fenix_2",
        "nixpkgs": [
          "fastcards",
          "nixpkgs"
        ]
      },
      "locked": {
        "lastModified": 1782220280,
        "narHash": "sha256-thLTFbp9D5Qknmh8q/v4FRpLGphUSijT3E86cbLYTXo=",
        "owner": "nix-community",
        "repo": "naersk",
        "rev": "9aa07bb0256d300219b30622d2454e85f7f3667e",
        "type": "github"
      },
      "original": {
        "owner": "nix-community",
        "repo": "naersk",
        "type": "github"
      }
    },
    "naersk_3": {
      "inputs": {
        "fenix": "fenix_3",
        "nixpkgs": [
          "haal",
          "nixpkgs"
        ]
      },
      "locked": {
        "lastModified": 1782220280,
        "narHash": "sha256-thLTFbp9D5Qknmh8q/v4FRpLGphUSijT3E86cbLYTXo=",
        "owner": "nix-community",
        "repo": "naersk",
        "rev": "9aa07bb0256d300219b30622d2454e85f7f3667e",
        "type": "github"
      },
      "original": {
        "owner": "nix-community",
        "repo": "naersk",
        "type": "github"
      }
    },
    "naersk_4": {
      "inputs": {
        "fenix": "fenix_4",
        "nixpkgs": [
          "hocusfocus",
          "nixpkgs"
        ]
      },
      "locked": {
        "lastModified": 1782220280,
        "narHash": "sha256-thLTFbp9D5Qknmh8q/v4FRpLGphUSijT3E86cbLYTXo=",
        "owner": "nix-community",
        "repo": "naersk",
        "rev": "9aa07bb0256d300219b30622d2454e85f7f3667e",
        "type": "github"
      },
      "original": {
        "owner": "nix-community",
        "repo": "naersk",
        "type": "github"
      }
    },
    "naersk_5": {
      "inputs": {
        "fenix": "fenix_5",
        "nixpkgs": [
          "spyglass",
          "nixpkgs"
        ]
      },
      "locked": {
        "lastModified": 1782220280,
        "narHash": "sha256-thLTFbp9D5Qknmh8q/v4FRpLGphUSijT3E86cbLYTXo=",
        "owner": "nix-community",
        "repo": "naersk",
        "rev": "9aa07bb0256d300219b30622d2454e85f7f3667e",
        "type": "github"
      },
      "original": {
        "owner": "nix-community",
        "repo": "naersk",
        "type": "github"
      }
    },
    "naersk_6": {
      "inputs": {
        "fenix": "fenix_6",
        "nixpkgs": [
          "termfarm",
          "nixpkgs"
        ]
      },
      "locked": {
        "lastModified": 1782220280,
        "narHash": "sha256-thLTFbp9D5Qknmh8q/v4FRpLGphUSijT3E86cbLYTXo=",
        "owner": "nix-community",
        "repo": "naersk",
        "rev": "9aa07bb0256d300219b30622d2454e85f7f3667e",
        "type": "github"
      },
      "original": {
        "owner": "nix-community",
        "repo": "naersk",
        "type": "github"
      }
    },
    "nixpkgs": {
      "locked": {
        "lastModified": 1786534138,
        "narHash": "sha256-Cwffw7dPM56d8spt4/queFQ1cKg69D9qrsp+wfwKvfo=",
        "rev": "044bfe75bfe4c7bbe043dc17b5e42ea823b84a09",
        "type": "tarball",
        "url": "https://releases.nixos.org/nixpkgs/nixpkgs-26.11pre1052792.044bfe75bfe4/nixexprs.tar.xz"
      },
      "original": {
        "type": "tarball",
        "url": "https://channels.nixos.org/nixpkgs-unstable/nixexprs.tar.xz"
      }
    },
    "nixpkgs-lib": {
      "locked": {
        "lastModified": 1785031560,
        "narHash": "sha256-OmshNvn2vupOFpYinLUu+1Dnpu4n7Q5N3ggGVNHpkUI=",
        "owner": "nix-community",
        "repo": "nixpkgs.lib",
        "rev": "0e79af5e3d4dcfcd676ab5ba3f95d2e3352e078c",
        "type": "github"
      },
      "original": {
        "owner": "nix-community",
        "repo": "nixpkgs.lib",
        "type": "github"
      }
    },
    "nixpkgs_2": {
      "locked": {
        "lastModified": 1786599213,
        "narHash": "sha256-yNJd40f11EzXBjSByCB7IPpeFFAdeoSKKM67dGkfFoU=",
        "owner": "nixos",
        "repo": "nixpkgs",
        "rev": "0e251e24a4f24e036a084b6b4b2d2491af4167f4",
        "type": "github"
      },
      "original": {
        "owner": "nixos",
        "ref": "nixos-unstable",
        "repo": "nixpkgs",
        "type": "github"
      }
    },
    "nixpkgs_3": {
      "locked": {
        "lastModified": 1742669843,
        "narHash": "sha256-G5n+FOXLXcRx+3hCJ6Rt6ZQyF1zqQ0DL0sWAMn2Nk0w=",
        "owner": "nixos",
        "repo": "nixpkgs",
        "rev": "1e5b653dff12029333a6546c11e108ede13052eb",
        "type": "github"
      },
      "original": {
        "owner": "nixos",
        "ref": "nixos-unstable",
        "repo": "nixpkgs",
        "type": "github"
      }
    },
    "omnisearch": {
      "inputs": {
        "beaker-src": "beaker-src",
        "nixpkgs": [
          "nixpkgs"
        ],
        "omnisearch-src": "omnisearch-src"
      },
      "locked": {
        "lastModified": 1786346894,
        "narHash": "sha256-4FEzrvidnacSf210oj5DA+lGpW7SfKLJinmzBk+DRG0=",
        "owner": "indium114",
        "repo": "omnisearch-flake",
        "rev": "f8ad93e7d610df39b5e9ed511748242f38f4c598",
        "type": "github"
      },
      "original": {
        "owner": "indium114",
        "repo": "omnisearch-flake",
        "type": "github"
      }
    },
    "omnisearch-src": {
      "flake": false,
      "locked": {
        "lastModified": 1785819301,
        "narHash": "sha256-+GmvM4UfvyYplB5t4yOOmaNAiZJnEWp5mDfr4BXWJ3Y=",
        "ref": "refs/heads/master",
        "rev": "499bb9b1268cd422619efdc46889960425462aae",
        "revCount": 136,
        "shallow": false,
        "type": "git",
        "url": "https://git.bwaaa.monster/omnisearch"
      },
      "original": {
        "shallow": false,
        "type": "git",
        "url": "https://git.bwaaa.monster/omnisearch"
      }
    },
    "pricetag": {
      "inputs": {
        "flake-utils": "flake-utils_5",
        "nixpkgs": [
          "nixpkgs"
        ]
      },
      "locked": {
        "lastModified": 1786355431,
        "narHash": "sha256-0RvkfKPVgOi62+Fd7BLxpDv+52eRQq/ySM/GYNiKjNE=",
        "owner": "indium114",
        "repo": "pricetag",
        "rev": "c20fe7237f94353a55e778f9cabb33e87d59c3bf",
        "type": "github"
      },
      "original": {
        "owner": "indium114",
        "repo": "pricetag",
        "type": "github"
      }
    },
    "recall": {
      "inputs": {
        "flake-utils": "flake-utils_6",
        "nixpkgs": [
          "nixpkgs"
        ]
      },
      "locked": {
        "lastModified": 1786355518,
        "narHash": "sha256-6mTKlQKRgfw3SGqo+FRMQrawNqJUfkfcvljU4alWg+U=",
        "owner": "indium114",
        "repo": "recall",
        "rev": "f568cdc550a9f31f78a94ca0f00ab8de53ae255f",
        "type": "github"
      },
      "original": {
        "owner": "indium114",
        "repo": "recall",
        "type": "github"
      }
    },
    "root": {
      "inputs": {
        "bunkers": "bunkers",
        "catppuccin": "catppuccin",
        "disko": "disko",
        "fastcards": "fastcards",
        "flake-parts": "flake-parts",
        "haal": "haal",
        "hocusfocus": "hocusfocus",
        "home-manager": "home-manager",
        "nixpkgs": "nixpkgs_2",
        "omnisearch": "omnisearch",
        "pricetag": "pricetag",
        "recall": "recall",
        "rubbish": "rubbish",
        "satchel": "satchel",
        "sorta": "sorta",
        "spyglass": "spyglass",
        "ssuika": "ssuika",
        "termfarm": "termfarm",
        "uwu-colors": "uwu-colors"
      }
    },
    "rubbish": {
      "inputs": {
        "flake-utils": "flake-utils_7",
        "nixpkgs": [
          "nixpkgs"
        ]
      },
      "locked": {
        "lastModified": 1786355744,
        "narHash": "sha256-rWCcUXabY40HsYWr29SxoXpCa+/tA+OTbuShyhEpc94=",
        "owner": "indium114",
        "repo": "rubbish",
        "rev": "ada9480abbedc5b3d1afef170d2fb6c262dfae90",
        "type": "github"
      },
      "original": {
        "owner": "indium114",
        "repo": "rubbish",
        "type": "github"
      }
    },
    "rust-analyzer-src": {
      "flake": false,
      "locked": {
        "lastModified": 1752428706,
        "narHash": "sha256-EJcdxw3aXfP8Ex1Nm3s0awyH9egQvB2Gu+QEnJn2Sfg=",
        "owner": "rust-lang",
        "repo": "rust-analyzer",
        "rev": "591e3b7624be97e4443ea7b5542c191311aa141d",
        "type": "github"
      },
      "original": {
        "owner": "rust-lang",
        "ref": "nightly",
        "repo": "rust-analyzer",
        "type": "github"
      }
    },
    "rust-analyzer-src_2": {
      "flake": false,
      "locked": {
        "lastModified": 1752428706,
        "narHash": "sha256-EJcdxw3aXfP8Ex1Nm3s0awyH9egQvB2Gu+QEnJn2Sfg=",
        "owner": "rust-lang",
        "repo": "rust-analyzer",
        "rev": "591e3b7624be97e4443ea7b5542c191311aa141d",
        "type": "github"
      },
      "original": {
        "owner": "rust-lang",
        "ref": "nightly",
        "repo": "rust-analyzer",
        "type": "github"
      }
    },
    "rust-analyzer-src_3": {
      "flake": false,
      "locked": {
        "lastModified": 1752428706,
        "narHash": "sha256-EJcdxw3aXfP8Ex1Nm3s0awyH9egQvB2Gu+QEnJn2Sfg=",
        "owner": "rust-lang",
        "repo": "rust-analyzer",
        "rev": "591e3b7624be97e4443ea7b5542c191311aa141d",
        "type": "github"
      },
      "original": {
        "owner": "rust-lang",
        "ref": "nightly",
        "repo": "rust-analyzer",
        "type": "github"
      }
    },
    "rust-analyzer-src_4": {
      "flake": false,
      "locked": {
        "lastModified": 1752428706,
        "narHash": "sha256-EJcdxw3aXfP8Ex1Nm3s0awyH9egQvB2Gu+QEnJn2Sfg=",
        "owner": "rust-lang",
        "repo": "rust-analyzer",
        "rev": "591e3b7624be97e4443ea7b5542c191311aa141d",
        "type": "github"
      },
      "original": {
        "owner": "rust-lang",
        "ref": "nightly",
        "repo": "rust-analyzer",
        "type": "github"
      }
    },
    "rust-analyzer-src_5": {
      "flake": false,
      "locked": {
        "lastModified": 1752428706,
        "narHash": "sha256-EJcdxw3aXfP8Ex1Nm3s0awyH9egQvB2Gu+QEnJn2Sfg=",
        "owner": "rust-lang",
        "repo": "rust-analyzer",
        "rev": "591e3b7624be97e4443ea7b5542c191311aa141d",
        "type": "github"
      },
      "original": {
        "owner": "rust-lang",
        "ref": "nightly",
        "repo": "rust-analyzer",
        "type": "github"
      }
    },
    "rust-analyzer-src_6": {
      "flake": false,
      "locked": {
        "lastModified": 1752428706,
        "narHash": "sha256-EJcdxw3aXfP8Ex1Nm3s0awyH9egQvB2Gu+QEnJn2Sfg=",
        "owner": "rust-lang",
        "repo": "rust-analyzer",
        "rev": "591e3b7624be97e4443ea7b5542c191311aa141d",
        "type": "github"
      },
      "original": {
        "owner": "rust-lang",
        "ref": "nightly",
        "repo": "rust-analyzer",
        "type": "github"
      }
    },
    "satchel": {
      "inputs": {
        "flake-utils": "flake-utils_8",
        "nixpkgs": [
          "nixpkgs"
        ]
      },
      "locked": {
        "lastModified": 1786355790,
        "narHash": "sha256-8qfOIfI73DBhngWCS6tMl6pEkNjvTLWWa+G23i3Johw=",
        "owner": "indium114",
        "repo": "satchel",
        "rev": "d1ed96a0aff5d6d32e9a78b3c47d319879339215",
        "type": "github"
      },
      "original": {
        "owner": "indium114",
        "repo": "satchel",
        "type": "github"
      }
    },
    "sorta": {
      "inputs": {
        "flake-utils": "flake-utils_9",
        "nixpkgs": [
          "nixpkgs"
        ]
      },
      "locked": {
        "lastModified": 1786356058,
        "narHash": "sha256-dBQK0156JOUmD+Sn3sXvc9+A9zyXn1q137xNpf55O6E=",
        "owner": "indium114",
        "repo": "sorta",
        "rev": "4a9e3b85c649ac5100348b5dda2199999079ce3c",
        "type": "github"
      },
      "original": {
        "owner": "indium114",
        "repo": "sorta",
        "type": "github"
      }
    },
    "spyglass": {
      "inputs": {
        "flake-utils": "flake-utils_10",
        "naersk": "naersk_5",
        "nixpkgs": [
          "nixpkgs"
        ]
      },
      "locked": {
        "lastModified": 1786699940,
        "narHash": "sha256-gBRyxxDzMlOmbPqrchx9ihB2TqUn7aiO8FqtU0U0ZlA=",
        "owner": "indium114",
        "repo": "spyglass",
        "rev": "2a49a9491f7926e49b85ff8b25d46ab94614f0ad",
        "type": "github"
      },
      "original": {
        "owner": "indium114",
        "repo": "spyglass",
        "type": "github"
      }
    },
    "ssuika": {
      "inputs": {
        "flake-utils": "flake-utils_11",
        "nixpkgs": [
          "nixpkgs"
        ]
      },
      "locked": {
        "lastModified": 1782920971,
        "narHash": "sha256-ayto6qlO+PaOzOdJmUsSwRFpn5ynms0ce0o2tEWzgng=",
        "ref": "refs/heads/master",
        "rev": "b6dbf6aee0edee97059be25e22a82f94da6ed4ed",
        "revCount": 21,
        "type": "git",
        "url": "https://codeberg.org/indium114/ssuika"
      },
      "original": {
        "type": "git",
        "url": "https://codeberg.org/indium114/ssuika"
      }
    },
    "systems": {
      "locked": {
        "lastModified": 1681028828,
        "narHash": "sha256-Vy1rq5AaRuLzOxct8nz4T6wlgyUR7zLU309k9mBC768=",
        "owner": "nix-systems",
        "repo": "default",
        "rev": "da67096a3b9bf56a91d16901293e51ba5b49a27e",
        "type": "github"
      },
      "original": {
        "owner": "nix-systems",
        "repo": "default",
        "type": "github"
      }
    },
    "systems_10": {
      "locked": {
        "lastModified": 1681028828,
        "narHash": "sha256-Vy1rq5AaRuLzOxct8nz4T6wlgyUR7zLU309k9mBC768=",
        "owner": "nix-systems",
        "repo": "default",
        "rev": "da67096a3b9bf56a91d16901293e51ba5b49a27e",
        "type": "github"
      },
      "original": {
        "owner": "nix-systems",
        "repo": "default",
        "type": "github"
      }
    },
    "systems_11": {
      "locked": {
        "lastModified": 1681028828,
        "narHash": "sha256-Vy1rq5AaRuLzOxct8nz4T6wlgyUR7zLU309k9mBC768=",
        "owner": "nix-systems",
        "repo": "default",
        "rev": "da67096a3b9bf56a91d16901293e51ba5b49a27e",
        "type": "github"
      },
      "original": {
        "owner": "nix-systems",
        "repo": "default",
        "type": "github"
      }
    },
    "systems_12": {
      "locked": {
        "lastModified": 1681028828,
        "narHash": "sha256-Vy1rq5AaRuLzOxct8nz4T6wlgyUR7zLU309k9mBC768=",
        "owner": "nix-systems",
        "repo": "default",
        "rev": "da67096a3b9bf56a91d16901293e51ba5b49a27e",
        "type": "github"
      },
      "original": {
        "owner": "nix-systems",
        "repo": "default",
        "type": "github"
      }
    },
    "systems_2": {
      "locked": {
        "lastModified": 1681028828,
        "narHash": "sha256-Vy1rq5AaRuLzOxct8nz4T6wlgyUR7zLU309k9mBC768=",
        "owner": "nix-systems",
        "repo": "default",
        "rev": "da67096a3b9bf56a91d16901293e51ba5b49a27e",
        "type": "github"
      },
      "original": {
        "owner": "nix-systems",
        "repo": "default",
        "type": "github"
      }
    },
    "systems_3": {
      "locked": {
        "lastModified": 1681028828,
        "narHash": "sha256-Vy1rq5AaRuLzOxct8nz4T6wlgyUR7zLU309k9mBC768=",
        "owner": "nix-systems",
        "repo": "default",
        "rev": "da67096a3b9bf56a91d16901293e51ba5b49a27e",
        "type": "github"
      },
      "original": {
        "owner": "nix-systems",
        "repo": "default",
        "type": "github"
      }
    },
    "systems_4": {
      "locked": {
        "lastModified": 1681028828,
        "narHash": "sha256-Vy1rq5AaRuLzOxct8nz4T6wlgyUR7zLU309k9mBC768=",
        "owner": "nix-systems",
        "repo": "default",
        "rev": "da67096a3b9bf56a91d16901293e51ba5b49a27e",
        "type": "github"
      },
      "original": {
        "owner": "nix-systems",
        "repo": "default",
        "type": "github"
      }
    },
    "systems_5": {
      "locked": {
        "lastModified": 1681028828,
        "narHash": "sha256-Vy1rq5AaRuLzOxct8nz4T6wlgyUR7zLU309k9mBC768=",
        "owner": "nix-systems",
        "repo": "default",
        "rev": "da67096a3b9bf56a91d16901293e51ba5b49a27e",
        "type": "github"
      },
      "original": {
        "owner": "nix-systems",
        "repo": "default",
        "type": "github"
      }
    },
    "systems_6": {
      "locked": {
        "lastModified": 1681028828,
        "narHash": "sha256-Vy1rq5AaRuLzOxct8nz4T6wlgyUR7zLU309k9mBC768=",
        "owner": "nix-systems",
        "repo": "default",
        "rev": "da67096a3b9bf56a91d16901293e51ba5b49a27e",
        "type": "github"
      },
      "original": {
        "owner": "nix-systems",
        "repo": "default",
        "type": "github"
      }
    },
    "systems_7": {
      "locked": {
        "lastModified": 1681028828,
        "narHash": "sha256-Vy1rq5AaRuLzOxct8nz4T6wlgyUR7zLU309k9mBC768=",
        "owner": "nix-systems",
        "repo": "default",
        "rev": "da67096a3b9bf56a91d16901293e51ba5b49a27e",
        "type": "github"
      },
      "original": {
        "owner": "nix-systems",
        "repo": "default",
        "type": "github"
      }
    },
    "systems_8": {
      "locked": {
        "lastModified": 1681028828,
        "narHash": "sha256-Vy1rq5AaRuLzOxct8nz4T6wlgyUR7zLU309k9mBC768=",
        "owner": "nix-systems",
        "repo": "default",
        "rev": "da67096a3b9bf56a91d16901293e51ba5b49a27e",
        "type": "github"
      },
      "original": {
        "owner": "nix-systems",
        "repo": "default",
        "type": "github"
      }
    },
    "systems_9": {
      "locked": {
        "lastModified": 1681028828,
        "narHash": "sha256-Vy1rq5AaRuLzOxct8nz4T6wlgyUR7zLU309k9mBC768=",
        "owner": "nix-systems",
        "repo": "default",
        "rev": "da67096a3b9bf56a91d16901293e51ba5b49a27e",
        "type": "github"
      },
      "original": {
        "owner": "nix-systems",
        "repo": "default",
        "type": "github"
      }
    },
    "termfarm": {
      "inputs": {
        "flake-utils": "flake-utils_12",
        "naersk": "naersk_6",
        "nixpkgs": [
          "nixpkgs"
        ]
      },
      "locked": {
        "lastModified": 1786386716,
        "narHash": "sha256-hv7mlKS/SRRgU0LEGi+RsGHzmvEICf+bye3Sq90Zt6U=",
        "owner": "indium114",
        "repo": "termfarm",
        "rev": "fd7fb50c25a6a100cc059a13105c02a5cdee3f6d",
        "type": "github"
      },
      "original": {
        "owner": "indium114",
        "repo": "termfarm",
        "type": "github"
      }
    },
    "uwu-colors": {
      "inputs": {
        "nixpkgs": "nixpkgs_3"
      },
      "locked": {
        "lastModified": 1774287463,
        "narHash": "sha256-gRoDt12wBOfkZOEdAZJaqfZPrCnC+qjal6LcuacE81M=",
        "owner": "q60",
        "repo": "uwu_colors",
        "rev": "cf818157de5ff29b82b18a0d585476e29bad988a",
        "type": "github"
      },
      "original": {
        "owner": "q60",
        "repo": "uwu_colors",
        "type": "github"
      }
    }
  },
  "root": "root",
  "version": 7
}
